// !$*UTF8*$!
{
	archiveVersion = 1;
	classes = {
	};
	objectVersion = 52;
	objects = {

/* Begin PBXBuildFile section */
		5B287F55259CC6A400D14B46 /* GridLayout.swift in Sources */ = {isa = PBXBuildFile; fileRef = 5B287F54259CC6A300D14B46 /* GridLayout.swift */; };
		5B287F5A259CC75400D14B46 /* Grid.swift in Sources */ = {isa = PBXBuildFile; fileRef = 5B287F59259CC75400D14B46 /* Grid.swift */; };
		5B3C3C36259CCB12006332B1 /* GridTests.swift in Sources */ = {isa = PBXBuildFile; fileRef = 5B3C3C35259CCB12006332B1 /* GridTests.swift */; };
		5B3C3C3B259CCD4D006332B1 /* IdentifiableFake.swift in Sources */ = {isa = PBXBuildFile; fileRef = 5B3C3C3A259CCD4D006332B1 /* IdentifiableFake.swift */; };
		5B49AE182597CF240043E301 /* CardViewTests.swift in Sources */ = {isa = PBXBuildFile; fileRef = 5B49AE172597CF240043E301 /* CardViewTests.swift */; };
		5B49AE212597D3320043E301 /* ViewInspector in Frameworks */ = {isa = PBXBuildFile; productRef = 5B49AE202597D3320043E301 /* ViewInspector */; };
		5B5CD2D1259CFD95001ECD96 /* String+Cards.swift in Sources */ = {isa = PBXBuildFile; fileRef = 5B5CD2D0259CFD95001ECD96 /* String+Cards.swift */; };
		5B85110325A1201800CF6F11 /* CommandLine+Arguments.swift in Sources */ = {isa = PBXBuildFile; fileRef = 5B85110225A1201800CF6F11 /* CommandLine+Arguments.swift */; };
		5B85111125A1213000CF6F11 /* CommandLine+Arguments.swift in Sources */ = {isa = PBXBuildFile; fileRef = 5B85110225A1201800CF6F11 /* CommandLine+Arguments.swift */; };
		5B8C0F38259A3315003ABC74 /* RandomSourceFake.swift in Sources */ = {isa = PBXBuildFile; fileRef = 5B8C0F37259A3315003ABC74 /* RandomSourceFake.swift */; };
		5B8C0F40259A3AB7003ABC74 /* Int+random.swift in Sources */ = {isa = PBXBuildFile; fileRef = 5B8C0F3F259A3AB7003ABC74 /* Int+random.swift */; };
		5B8C0F48259A4340003ABC74 /* Int+randomTests.swift in Sources */ = {isa = PBXBuildFile; fileRef = 5B8C0F47259A4340003ABC74 /* Int+randomTests.swift */; };
		5B8C0F50259A4B9D003ABC74 /* Array+Shuffling.swift in Sources */ = {isa = PBXBuildFile; fileRef = 5B8C0F4F259A4B9D003ABC74 /* Array+Shuffling.swift */; };
		5B8C0F55259A4BB7003ABC74 /* Array+ShufflingTests.swift in Sources */ = {isa = PBXBuildFile; fileRef = 5B8C0F54259A4BB7003ABC74 /* Array+ShufflingTests.swift */; };
		5BA327AF25991F41004DA33B /* ContentViewTests.swift in Sources */ = {isa = PBXBuildFile; fileRef = 5BA327AE25991F41004DA33B /* ContentViewTests.swift */; };
		5BB61EFF2598A43E00B9D6D2 /* MemoryGame.swift in Sources */ = {isa = PBXBuildFile; fileRef = 5BB61EFE2598A43E00B9D6D2 /* MemoryGame.swift */; };
		5BB61F072598A46200B9D6D2 /* MemoryGameTests.swift in Sources */ = {isa = PBXBuildFile; fileRef = 5BB61F062598A46200B9D6D2 /* MemoryGameTests.swift */; };
		5BB61F242598C11D00B9D6D2 /* EmojiMemoryGame.swift in Sources */ = {isa = PBXBuildFile; fileRef = 5BB61F232598C11D00B9D6D2 /* EmojiMemoryGame.swift */; };
		5BB61F292598C16000B9D6D2 /* EmojiMemoryGameTests.swift in Sources */ = {isa = PBXBuildFile; fileRef = 5BB61F282598C16000B9D6D2 /* EmojiMemoryGameTests.swift */; };
		5BB61F372599003200B9D6D2 /* MemoryGame+Card.swift in Sources */ = {isa = PBXBuildFile; fileRef = 5BB61F362599003200B9D6D2 /* MemoryGame+Card.swift */; };
		5BE64D8E25976B3B002B1D70 /* MemorizeApp.swift in Sources */ = {isa = PBXBuildFile; fileRef = 5BE64D8D25976B3B002B1D70 /* MemorizeApp.swift */; };
		5BE64D9025976B3B002B1D70 /* ContentView.swift in Sources */ = {isa = PBXBuildFile; fileRef = 5BE64D8F25976B3B002B1D70 /* ContentView.swift */; };
		5BE64D9225976B3B002B1D70 /* Assets.xcassets in Resources */ = {isa = PBXBuildFile; fileRef = 5BE64D9125976B3B002B1D70 /* Assets.xcassets */; };
		5BE64D9525976B3B002B1D70 /* Preview Assets.xcassets in Resources */ = {isa = PBXBuildFile; fileRef = 5BE64D9425976B3B002B1D70 /* Preview Assets.xcassets */; };
		5BE64DAB25976B3C002B1D70 /* MemorizeUITests.swift in Sources */ = {isa = PBXBuildFile; fileRef = 5BE64DAA25976B3C002B1D70 /* MemorizeUITests.swift */; };
		5BE64DC425977BF8002B1D70 /* CardView.swift in Sources */ = {isa = PBXBuildFile; fileRef = 5BE64DC325977BF8002B1D70 /* CardView.swift */; };
		5BEDB7B1259F3BF200E93C26 /* MemoryGame+Theme.swift in Sources */ = {isa = PBXBuildFile; fileRef = 5BEDB7B0259F3BF200E93C26 /* MemoryGame+Theme.swift */; };
		5BEDB7B9259F54D500E93C26 /* MemoryGame+ThemeTests.swift in Sources */ = {isa = PBXBuildFile; fileRef = 5BEDB7B8259F54D500E93C26 /* MemoryGame+ThemeTests.swift */; };
		5BEDB7CD25A0011300E93C26 /* RootView.swift in Sources */ = {isa = PBXBuildFile; fileRef = 5BEDB7CC25A0011300E93C26 /* RootView.swift */; };
		5BEDB7E325A0C77E00E93C26 /* MemoryGame+CardTests.swift in Sources */ = {isa = PBXBuildFile; fileRef = 5BEDB7E225A0C77E00E93C26 /* MemoryGame+CardTests.swift */; };
		5BEDB7F425A0E5EC00E93C26 /* UserDefaults+Keys.swift in Sources */ = {isa = PBXBuildFile; fileRef = 5BEDB7F325A0E5EC00E93C26 /* UserDefaults+Keys.swift */; };
		5BEDB7FC25A0EB4800E93C26 /* UserDefaultsFake.swift in Sources */ = {isa = PBXBuildFile; fileRef = 5BEDB7FB25A0EB4800E93C26 /* UserDefaultsFake.swift */; };
/* End PBXBuildFile section */

/* Begin PBXContainerItemProxy section */
		5BE64D9C25976B3C002B1D70 /* PBXContainerItemProxy */ = {
			isa = PBXContainerItemProxy;
			containerPortal = 5BE64D8225976B3B002B1D70 /* Project object */;
			proxyType = 1;
			remoteGlobalIDString = 5BE64D8925976B3B002B1D70;
			remoteInfo = Memorize;
		};
		5BE64DA725976B3C002B1D70 /* PBXContainerItemProxy */ = {
			isa = PBXContainerItemProxy;
			containerPortal = 5BE64D8225976B3B002B1D70 /* Project object */;
			proxyType = 1;
			remoteGlobalIDString = 5BE64D8925976B3B002B1D70;
			remoteInfo = Memorize;
		};
/* End PBXContainerItemProxy section */

/* Begin PBXFileReference section */
		5B287F54259CC6A300D14B46 /* GridLayout.swift */ = {isa = PBXFileReference; fileEncoding = 4; lastKnownFileType = sourcecode.swift; path = GridLayout.swift; sourceTree = "<group>"; };
		5B287F59259CC75400D14B46 /* Grid.swift */ = {isa = PBXFileReference; lastKnownFileType = sourcecode.swift; path = Grid.swift; sourceTree = "<group>"; };
		5B3C3C35259CCB12006332B1 /* GridTests.swift */ = {isa = PBXFileReference; lastKnownFileType = sourcecode.swift; path = GridTests.swift; sourceTree = "<group>"; };
		5B3C3C3A259CCD4D006332B1 /* IdentifiableFake.swift */ = {isa = PBXFileReference; lastKnownFileType = sourcecode.swift; path = IdentifiableFake.swift; sourceTree = "<group>"; };
		5B49AE172597CF240043E301 /* CardViewTests.swift */ = {isa = PBXFileReference; lastKnownFileType = sourcecode.swift; path = CardViewTests.swift; sourceTree = "<group>"; };
		5B5CD2D0259CFD95001ECD96 /* String+Cards.swift */ = {isa = PBXFileReference; lastKnownFileType = sourcecode.swift; path = "String+Cards.swift"; sourceTree = "<group>"; };
		5B85110225A1201800CF6F11 /* CommandLine+Arguments.swift */ = {isa = PBXFileReference; lastKnownFileType = sourcecode.swift; path = "CommandLine+Arguments.swift"; sourceTree = "<group>"; };
		5B8C0F37259A3315003ABC74 /* RandomSourceFake.swift */ = {isa = PBXFileReference; lastKnownFileType = sourcecode.swift; path = RandomSourceFake.swift; sourceTree = "<group>"; };
		5B8C0F3F259A3AB7003ABC74 /* Int+random.swift */ = {isa = PBXFileReference; lastKnownFileType = sourcecode.swift; path = "Int+random.swift"; sourceTree = "<group>"; };
		5B8C0F47259A4340003ABC74 /* Int+randomTests.swift */ = {isa = PBXFileReference; lastKnownFileType = sourcecode.swift; path = "Int+randomTests.swift"; sourceTree = "<group>"; };
		5B8C0F4F259A4B9D003ABC74 /* Array+Shuffling.swift */ = {isa = PBXFileReference; lastKnownFileType = sourcecode.swift; path = "Array+Shuffling.swift"; sourceTree = "<group>"; };
		5B8C0F54259A4BB7003ABC74 /* Array+ShufflingTests.swift */ = {isa = PBXFileReference; lastKnownFileType = sourcecode.swift; path = "Array+ShufflingTests.swift"; sourceTree = "<group>"; };
		5BA327AE25991F41004DA33B /* ContentViewTests.swift */ = {isa = PBXFileReference; lastKnownFileType = sourcecode.swift; path = ContentViewTests.swift; sourceTree = "<group>"; };
		5BB61EFE2598A43E00B9D6D2 /* MemoryGame.swift */ = {isa = PBXFileReference; lastKnownFileType = sourcecode.swift; path = MemoryGame.swift; sourceTree = "<group>"; };
		5BB61F062598A46200B9D6D2 /* MemoryGameTests.swift */ = {isa = PBXFileReference; lastKnownFileType = sourcecode.swift; path = MemoryGameTests.swift; sourceTree = "<group>"; };
		5BB61F232598C11D00B9D6D2 /* EmojiMemoryGame.swift */ = {isa = PBXFileReference; lastKnownFileType = sourcecode.swift; path = EmojiMemoryGame.swift; sourceTree = "<group>"; };
		5BB61F282598C16000B9D6D2 /* EmojiMemoryGameTests.swift */ = {isa = PBXFileReference; lastKnownFileType = sourcecode.swift; path = EmojiMemoryGameTests.swift; sourceTree = "<group>"; };
		5BB61F362599003200B9D6D2 /* MemoryGame+Card.swift */ = {isa = PBXFileReference; lastKnownFileType = sourcecode.swift; path = "MemoryGame+Card.swift"; sourceTree = "<group>"; };
		5BE64D8A25976B3B002B1D70 /* Memorize.app */ = {isa = PBXFileReference; explicitFileType = wrapper.application; includeInIndex = 0; path = Memorize.app; sourceTree = BUILT_PRODUCTS_DIR; };
		5BE64D8D25976B3B002B1D70 /* MemorizeApp.swift */ = {isa = PBXFileReference; lastKnownFileType = sourcecode.swift; path = MemorizeApp.swift; sourceTree = "<group>"; };
		5BE64D8F25976B3B002B1D70 /* ContentView.swift */ = {isa = PBXFileReference; lastKnownFileType = sourcecode.swift; path = ContentView.swift; sourceTree = "<group>"; };
		5BE64D9125976B3B002B1D70 /* Assets.xcassets */ = {isa = PBXFileReference; lastKnownFileType = folder.assetcatalog; path = Assets.xcassets; sourceTree = "<group>"; };
		5BE64D9425976B3B002B1D70 /* Preview Assets.xcassets */ = {isa = PBXFileReference; lastKnownFileType = folder.assetcatalog; path = "Preview Assets.xcassets"; sourceTree = "<group>"; };
		5BE64D9625976B3B002B1D70 /* Info.plist */ = {isa = PBXFileReference; lastKnownFileType = text.plist.xml; path = Info.plist; sourceTree = "<group>"; };
		5BE64D9B25976B3C002B1D70 /* MemorizeTests.xctest */ = {isa = PBXFileReference; explicitFileType = wrapper.cfbundle; includeInIndex = 0; path = MemorizeTests.xctest; sourceTree = BUILT_PRODUCTS_DIR; };
		5BE64DA125976B3C002B1D70 /* Info.plist */ = {isa = PBXFileReference; lastKnownFileType = text.plist.xml; path = Info.plist; sourceTree = "<group>"; };
		5BE64DA625976B3C002B1D70 /* MemorizeUITests.xctest */ = {isa = PBXFileReference; explicitFileType = wrapper.cfbundle; includeInIndex = 0; path = MemorizeUITests.xctest; sourceTree = BUILT_PRODUCTS_DIR; };
		5BE64DAA25976B3C002B1D70 /* MemorizeUITests.swift */ = {isa = PBXFileReference; lastKnownFileType = sourcecode.swift; path = MemorizeUITests.swift; sourceTree = "<group>"; };
		5BE64DAC25976B3C002B1D70 /* Info.plist */ = {isa = PBXFileReference; lastKnownFileType = text.plist.xml; path = Info.plist; sourceTree = "<group>"; };
		5BE64DC325977BF8002B1D70 /* CardView.swift */ = {isa = PBXFileReference; lastKnownFileType = sourcecode.swift; path = CardView.swift; sourceTree = "<group>"; };
		5BEDB7B0259F3BF200E93C26 /* MemoryGame+Theme.swift */ = {isa = PBXFileReference; lastKnownFileType = sourcecode.swift; path = "MemoryGame+Theme.swift"; sourceTree = "<group>"; };
		5BEDB7B8259F54D500E93C26 /* MemoryGame+ThemeTests.swift */ = {isa = PBXFileReference; lastKnownFileType = sourcecode.swift; path = "MemoryGame+ThemeTests.swift"; sourceTree = "<group>"; };
		5BEDB7CC25A0011300E93C26 /* RootView.swift */ = {isa = PBXFileReference; lastKnownFileType = sourcecode.swift; path = RootView.swift; sourceTree = "<group>"; };
		5BEDB7E225A0C77E00E93C26 /* MemoryGame+CardTests.swift */ = {isa = PBXFileReference; lastKnownFileType = sourcecode.swift; path = "MemoryGame+CardTests.swift"; sourceTree = "<group>"; };
		5BEDB7F325A0E5EC00E93C26 /* UserDefaults+Keys.swift */ = {isa = PBXFileReference; lastKnownFileType = sourcecode.swift; path = "UserDefaults+Keys.swift"; sourceTree = "<group>"; };
		5BEDB7FB25A0EB4800E93C26 /* UserDefaultsFake.swift */ = {isa = PBXFileReference; lastKnownFileType = sourcecode.swift; path = UserDefaultsFake.swift; sourceTree = "<group>"; };
/* End PBXFileReference section */

/* Begin PBXFrameworksBuildPhase section */
		5BE64D8725976B3B002B1D70 /* Frameworks */ = {
			isa = PBXFrameworksBuildPhase;
			buildActionMask = 2147483647;
			files = (
			);
			runOnlyForDeploymentPostprocessing = 0;
		};
		5BE64D9825976B3C002B1D70 /* Frameworks */ = {
			isa = PBXFrameworksBuildPhase;
			buildActionMask = 2147483647;
			files = (
				5B49AE212597D3320043E301 /* ViewInspector in Frameworks */,
			);
			runOnlyForDeploymentPostprocessing = 0;
		};
		5BE64DA325976B3C002B1D70 /* Frameworks */ = {
			isa = PBXFrameworksBuildPhase;
			buildActionMask = 2147483647;
			files = (
			);
			runOnlyForDeploymentPostprocessing = 0;
		};
/* End PBXFrameworksBuildPhase section */

/* Begin PBXGroup section */
		5B49AE162597CF160043E301 /* Cases */ = {
			isa = PBXGroup;
			children = (
				5BB61F112598ADD800B9D6D2 /* Support */,
				5BB61F532599030000B9D6D2 /* Models */,
				5BB61F52259902FC00B9D6D2 /* View Models */,
				5BB61F51259902F300B9D6D2 /* Views */,
			);
			path = Cases;
			sourceTree = "<group>";
		};
		5B8C0F36259A32FB003ABC74 /* Fakes */ = {
			isa = PBXGroup;
			children = (
				5B3C3C3A259CCD4D006332B1 /* IdentifiableFake.swift */,
				5B8C0F37259A3315003ABC74 /* RandomSourceFake.swift */,
				5BEDB7FB25A0EB4800E93C26 /* UserDefaultsFake.swift */,
			);
			path = Fakes;
			sourceTree = "<group>";
		};
		5BB61F112598ADD800B9D6D2 /* Support */ = {
			isa = PBXGroup;
			children = (
				5B8C0F54259A4BB7003ABC74 /* Array+ShufflingTests.swift */,
				5B8C0F47259A4340003ABC74 /* Int+randomTests.swift */,
				5B5CD2D0259CFD95001ECD96 /* String+Cards.swift */,
			);
			path = Support;
			sourceTree = "<group>";
		};
		5BB61F3B2599009E00B9D6D2 /* Models */ = {
			isa = PBXGroup;
			children = (
				5BB61EFE2598A43E00B9D6D2 /* MemoryGame.swift */,
				5BB61F362599003200B9D6D2 /* MemoryGame+Card.swift */,
				5BEDB7B0259F3BF200E93C26 /* MemoryGame+Theme.swift */,
			);
			path = Models;
			sourceTree = "<group>";
		};
		5BB61F402599025B00B9D6D2 /* View Models */ = {
			isa = PBXGroup;
			children = (
				5BB61F232598C11D00B9D6D2 /* EmojiMemoryGame.swift */,
			);
			path = "View Models";
			sourceTree = "<group>";
		};
		5BB61F412599027900B9D6D2 /* Views */ = {
			isa = PBXGroup;
			children = (
				5BE64DC325977BF8002B1D70 /* CardView.swift */,
				5BE64D8F25976B3B002B1D70 /* ContentView.swift */,
				5B287F59259CC75400D14B46 /* Grid.swift */,
				5BEDB7CC25A0011300E93C26 /* RootView.swift */,
			);
			path = Views;
			sourceTree = "<group>";
		};
		5BB61F51259902F300B9D6D2 /* Views */ = {
			isa = PBXGroup;
			children = (
				5B49AE172597CF240043E301 /* CardViewTests.swift */,
				5BA327AE25991F41004DA33B /* ContentViewTests.swift */,
				5B3C3C35259CCB12006332B1 /* GridTests.swift */,
			);
			path = Views;
			sourceTree = "<group>";
		};
		5BB61F52259902FC00B9D6D2 /* View Models */ = {
			isa = PBXGroup;
			children = (
				5BB61F282598C16000B9D6D2 /* EmojiMemoryGameTests.swift */,
			);
			path = "View Models";
			sourceTree = "<group>";
		};
		5BB61F532599030000B9D6D2 /* Models */ = {
			isa = PBXGroup;
			children = (
				5BEDB7E225A0C77E00E93C26 /* MemoryGame+CardTests.swift */,
				5BEDB7B8259F54D500E93C26 /* MemoryGame+ThemeTests.swift */,
				5BB61F062598A46200B9D6D2 /* MemoryGameTests.swift */,
			);
			path = Models;
			sourceTree = "<group>";
		};
		5BE64D8125976B3B002B1D70 = {
			isa = PBXGroup;
			children = (
				5BE64D8C25976B3B002B1D70 /* Memorize */,
				5BE64D9E25976B3C002B1D70 /* MemorizeTests */,
				5BE64DA925976B3C002B1D70 /* MemorizeUITests */,
				5BE64D8B25976B3B002B1D70 /* Products */,
			);
			sourceTree = "<group>";
		};
		5BE64D8B25976B3B002B1D70 /* Products */ = {
			isa = PBXGroup;
			children = (
				5BE64D8A25976B3B002B1D70 /* Memorize.app */,
				5BE64D9B25976B3C002B1D70 /* MemorizeTests.xctest */,
				5BE64DA625976B3C002B1D70 /* MemorizeUITests.xctest */,
			);
			name = Products;
			sourceTree = "<group>";
		};
		5BE64D8C25976B3B002B1D70 /* Memorize */ = {
			isa = PBXGroup;
			children = (
				5BE64D9625976B3B002B1D70 /* Info.plist */,
				5BE64D8D25976B3B002B1D70 /* MemorizeApp.swift */,
				5BE64D9125976B3B002B1D70 /* Assets.xcassets */,
				5BB61F3B2599009E00B9D6D2 /* Models */,
				5BE64D9325976B3B002B1D70 /* Preview Content */,
				5BE64DCE25977CAF002B1D70 /* Support */,
				5BB61F402599025B00B9D6D2 /* View Models */,
				5BB61F412599027900B9D6D2 /* Views */,
			);
			path = Memorize;
			sourceTree = "<group>";
		};
		5BE64D9325976B3B002B1D70 /* Preview Content */ = {
			isa = PBXGroup;
			children = (
				5BE64D9425976B3B002B1D70 /* Preview Assets.xcassets */,
			);
			path = "Preview Content";
			sourceTree = "<group>";
		};
		5BE64D9E25976B3C002B1D70 /* MemorizeTests */ = {
			isa = PBXGroup;
			children = (
				5BE64DA125976B3C002B1D70 /* Info.plist */,
				5B49AE162597CF160043E301 /* Cases */,
				5B8C0F36259A32FB003ABC74 /* Fakes */,
			);
			path = MemorizeTests;
			sourceTree = "<group>";
		};
		5BE64DA925976B3C002B1D70 /* MemorizeUITests */ = {
			isa = PBXGroup;
			children = (
				5BE64DAA25976B3C002B1D70 /* MemorizeUITests.swift */,
				5BE64DAC25976B3C002B1D70 /* Info.plist */,
			);
			path = MemorizeUITests;
			sourceTree = "<group>";
		};
		5BE64DCE25977CAF002B1D70 /* Support */ = {
			isa = PBXGroup;
			children = (
				5B8C0F4F259A4B9D003ABC74 /* Array+Shuffling.swift */,
				5B85110225A1201800CF6F11 /* CommandLine+Arguments.swift */,
				5B287F54259CC6A300D14B46 /* GridLayout.swift */,
				5B8C0F3F259A3AB7003ABC74 /* Int+random.swift */,
				5BEDB7F325A0E5EC00E93C26 /* UserDefaults+Keys.swift */,
			);
			path = Support;
			sourceTree = "<group>";
		};
/* End PBXGroup section */

/* Begin PBXNativeTarget section */
		5BE64D8925976B3B002B1D70 /* Memorize */ = {
			isa = PBXNativeTarget;
			buildConfigurationList = 5BE64DAF25976B3C002B1D70 /* Build configuration list for PBXNativeTarget "Memorize" */;
			buildPhases = (
				5BE64D8625976B3B002B1D70 /* Sources */,
				5BE64D8725976B3B002B1D70 /* Frameworks */,
				5BE64D8825976B3B002B1D70 /* Resources */,
			);
			buildRules = (
			);
			dependencies = (
			);
			name = Memorize;
			productName = Memorize;
			productReference = 5BE64D8A25976B3B002B1D70 /* Memorize.app */;
			productType = "com.apple.product-type.application";
		};
		5BE64D9A25976B3C002B1D70 /* MemorizeTests */ = {
			isa = PBXNativeTarget;
			buildConfigurationList = 5BE64DB225976B3C002B1D70 /* Build configuration list for PBXNativeTarget "MemorizeTests" */;
			buildPhases = (
				5BE64D9725976B3C002B1D70 /* Sources */,
				5BE64D9825976B3C002B1D70 /* Frameworks */,
				5BE64D9925976B3C002B1D70 /* Resources */,
			);
			buildRules = (
			);
			dependencies = (
				5BE64D9D25976B3C002B1D70 /* PBXTargetDependency */,
			);
			name = MemorizeTests;
			packageProductDependencies = (
				5B49AE202597D3320043E301 /* ViewInspector */,
			);
			productName = MemorizeTests;
			productReference = 5BE64D9B25976B3C002B1D70 /* MemorizeTests.xctest */;
			productType = "com.apple.product-type.bundle.unit-test";
		};
		5BE64DA525976B3C002B1D70 /* MemorizeUITests */ = {
			isa = PBXNativeTarget;
			buildConfigurationList = 5BE64DB525976B3C002B1D70 /* Build configuration list for PBXNativeTarget "MemorizeUITests" */;
			buildPhases = (
				5BE64DA225976B3C002B1D70 /* Sources */,
				5BE64DA325976B3C002B1D70 /* Frameworks */,
				5BE64DA425976B3C002B1D70 /* Resources */,
			);
			buildRules = (
			);
			dependencies = (
				5BE64DA825976B3C002B1D70 /* PBXTargetDependency */,
			);
			name = MemorizeUITests;
			productName = MemorizeUITests;
			productReference = 5BE64DA625976B3C002B1D70 /* MemorizeUITests.xctest */;
			productType = "com.apple.product-type.bundle.ui-testing";
		};
/* End PBXNativeTarget section */

/* Begin PBXProject section */
		5BE64D8225976B3B002B1D70 /* Project object */ = {
			isa = PBXProject;
			attributes = {
				LastSwiftUpdateCheck = 1230;
				LastUpgradeCheck = 1230;
				TargetAttributes = {
					5BE64D8925976B3B002B1D70 = {
						CreatedOnToolsVersion = 12.3;
					};
					5BE64D9A25976B3C002B1D70 = {
						CreatedOnToolsVersion = 12.3;
						TestTargetID = 5BE64D8925976B3B002B1D70;
					};
					5BE64DA525976B3C002B1D70 = {
						CreatedOnToolsVersion = 12.3;
						TestTargetID = 5BE64D8925976B3B002B1D70;
					};
				};
			};
			buildConfigurationList = 5BE64D8525976B3B002B1D70 /* Build configuration list for PBXProject "Memorize" */;
			compatibilityVersion = "Xcode 9.3";
			developmentRegion = en;
			hasScannedForEncodings = 0;
			knownRegions = (
				en,
				Base,
			);
			mainGroup = 5BE64D8125976B3B002B1D70;
			packageReferences = (
				5B49AE1F2597D3320043E301 /* XCRemoteSwiftPackageReference "ViewInspector" */,
			);
			productRefGroup = 5BE64D8B25976B3B002B1D70 /* Products */;
			projectDirPath = "";
			projectRoot = "";
			targets = (
				5BE64D8925976B3B002B1D70 /* Memorize */,
				5BE64D9A25976B3C002B1D70 /* MemorizeTests */,
				5BE64DA525976B3C002B1D70 /* MemorizeUITests */,
			);
		};
/* End PBXProject section */

/* Begin PBXResourcesBuildPhase section */
		5BE64D8825976B3B002B1D70 /* Resources */ = {
			isa = PBXResourcesBuildPhase;
			buildActionMask = 2147483647;
			files = (
				5BE64D9525976B3B002B1D70 /* Preview Assets.xcassets in Resources */,
				5BE64D9225976B3B002B1D70 /* Assets.xcassets in Resources */,
			);
			runOnlyForDeploymentPostprocessing = 0;
		};
		5BE64D9925976B3C002B1D70 /* Resources */ = {
			isa = PBXResourcesBuildPhase;
			buildActionMask = 2147483647;
			files = (
			);
			runOnlyForDeploymentPostprocessing = 0;
		};
		5BE64DA425976B3C002B1D70 /* Resources */ = {
			isa = PBXResourcesBuildPhase;
			buildActionMask = 2147483647;
			files = (
			);
			runOnlyForDeploymentPostprocessing = 0;
		};
/* End PBXResourcesBuildPhase section */

/* Begin PBXSourcesBuildPhase section */
		5BE64D8625976B3B002B1D70 /* Sources */ = {
			isa = PBXSourcesBuildPhase;
			buildActionMask = 2147483647;
			files = (
				5BEDB7CD25A0011300E93C26 /* RootView.swift in Sources */,
				5BB61F372599003200B9D6D2 /* MemoryGame+Card.swift in Sources */,
				5BB61EFF2598A43E00B9D6D2 /* MemoryGame.swift in Sources */,
				5B8C0F40259A3AB7003ABC74 /* Int+random.swift in Sources */,
				5B287F5A259CC75400D14B46 /* Grid.swift in Sources */,
				5BEDB7F425A0E5EC00E93C26 /* UserDefaults+Keys.swift in Sources */,
				5BE64D9025976B3B002B1D70 /* ContentView.swift in Sources */,
				5BE64DC425977BF8002B1D70 /* CardView.swift in Sources */,
				5BE64D8E25976B3B002B1D70 /* MemorizeApp.swift in Sources */,
				5BEDB7B1259F3BF200E93C26 /* MemoryGame+Theme.swift in Sources */,
				5B85110325A1201800CF6F11 /* CommandLine+Arguments.swift in Sources */,
				5B287F55259CC6A400D14B46 /* GridLayout.swift in Sources */,
				5BB61F242598C11D00B9D6D2 /* EmojiMemoryGame.swift in Sources */,
				5B8C0F50259A4B9D003ABC74 /* Array+Shuffling.swift in Sources */,
			);
			runOnlyForDeploymentPostprocessing = 0;
		};
		5BE64D9725976B3C002B1D70 /* Sources */ = {
			isa = PBXSourcesBuildPhase;
			buildActionMask = 2147483647;
			files = (
				5B5CD2D1259CFD95001ECD96 /* String+Cards.swift in Sources */,
				5BA327AF25991F41004DA33B /* ContentViewTests.swift in Sources */,
				5BB61F072598A46200B9D6D2 /* MemoryGameTests.swift in Sources */,
				5BEDB7FC25A0EB4800E93C26 /* UserDefaultsFake.swift in Sources */,
				5B8C0F48259A4340003ABC74 /* Int+randomTests.swift in Sources */,
				5B8C0F55259A4BB7003ABC74 /* Array+ShufflingTests.swift in Sources */,
				5BEDB7E325A0C77E00E93C26 /* MemoryGame+CardTests.swift in Sources */,
				5B8C0F38259A3315003ABC74 /* RandomSourceFake.swift in Sources */,
				5B49AE182597CF240043E301 /* CardViewTests.swift in Sources */,
				5BEDB7B9259F54D500E93C26 /* MemoryGame+ThemeTests.swift in Sources */,
				5BB61F292598C16000B9D6D2 /* EmojiMemoryGameTests.swift in Sources */,
				5B3C3C3B259CCD4D006332B1 /* IdentifiableFake.swift in Sources */,
				5B3C3C36259CCB12006332B1 /* GridTests.swift in Sources */,
			);
			runOnlyForDeploymentPostprocessing = 0;
		};
		5BE64DA225976B3C002B1D70 /* Sources */ = {
			isa = PBXSourcesBuildPhase;
			buildActionMask = 2147483647;
			files = (
				5B85111125A1213000CF6F11 /* CommandLine+Arguments.swift in Sources */,
				5BE64DAB25976B3C002B1D70 /* MemorizeUITests.swift in Sources */,
			);
			runOnlyForDeploymentPostprocessing = 0;
		};
/* End PBXSourcesBuildPhase section */

/* Begin PBXTargetDependency section */
		5BE64D9D25976B3C002B1D70 /* PBXTargetDependency */ = {
			isa = PBXTargetDependency;
			target = 5BE64D8925976B3B002B1D70 /* Memorize */;
			targetProxy = 5BE64D9C25976B3C002B1D70 /* PBXContainerItemProxy */;
		};
		5BE64DA825976B3C002B1D70 /* PBXTargetDependency */ = {
			isa = PBXTargetDependency;
			target = 5BE64D8925976B3B002B1D70 /* Memorize */;
			targetProxy = 5BE64DA725976B3C002B1D70 /* PBXContainerItemProxy */;
		};
/* End PBXTargetDependency section */

/* Begin XCBuildConfiguration section */
		5BE64DAD25976B3C002B1D70 /* Debug */ = {
			isa = XCBuildConfiguration;
			buildSettings = {
				ALWAYS_SEARCH_USER_PATHS = NO;
				CLANG_ANALYZER_NONNULL = YES;
				CLANG_ANALYZER_NUMBER_OBJECT_CONVERSION = YES_AGGRESSIVE;
				CLANG_CXX_LANGUAGE_STANDARD = "gnu++14";
				CLANG_CXX_LIBRARY = "libc++";
				CLANG_ENABLE_MODULES = YES;
				CLANG_ENABLE_OBJC_ARC = YES;
				CLANG_ENABLE_OBJC_WEAK = YES;
				CLANG_WARN_BLOCK_CAPTURE_AUTORELEASING = YES;
				CLANG_WARN_BOOL_CONVERSION = YES;
				CLANG_WARN_COMMA = YES;
				CLANG_WARN_CONSTANT_CONVERSION = YES;
				CLANG_WARN_DEPRECATED_OBJC_IMPLEMENTATIONS = YES;
				CLANG_WARN_DIRECT_OBJC_ISA_USAGE = YES_ERROR;
				CLANG_WARN_DOCUMENTATION_COMMENTS = YES;
				CLANG_WARN_EMPTY_BODY = YES;
				CLANG_WARN_ENUM_CONVERSION = YES;
				CLANG_WARN_INFINITE_RECURSION = YES;
				CLANG_WARN_INT_CONVERSION = YES;
				CLANG_WARN_NON_LITERAL_NULL_CONVERSION = YES;
				CLANG_WARN_OBJC_IMPLICIT_RETAIN_SELF = YES;
				CLANG_WARN_OBJC_LITERAL_CONVERSION = YES;
				CLANG_WARN_OBJC_ROOT_CLASS = YES_ERROR;
				CLANG_WARN_QUOTED_INCLUDE_IN_FRAMEWORK_HEADER = YES;
				CLANG_WARN_RANGE_LOOP_ANALYSIS = YES;
				CLANG_WARN_STRICT_PROTOTYPES = YES;
				CLANG_WARN_SUSPICIOUS_MOVE = YES;
				CLANG_WARN_UNGUARDED_AVAILABILITY = YES_AGGRESSIVE;
				CLANG_WARN_UNREACHABLE_CODE = YES;
				CLANG_WARN__DUPLICATE_METHOD_MATCH = YES;
				COPY_PHASE_STRIP = NO;
				DEBUG_INFORMATION_FORMAT = dwarf;
				ENABLE_STRICT_OBJC_MSGSEND = YES;
				ENABLE_TESTABILITY = YES;
				GCC_C_LANGUAGE_STANDARD = gnu11;
				GCC_DYNAMIC_NO_PIC = NO;
				GCC_NO_COMMON_BLOCKS = YES;
				GCC_OPTIMIZATION_LEVEL = 0;
				GCC_PREPROCESSOR_DEFINITIONS = (
					"DEBUG=1",
					"$(inherited)",
				);
				GCC_WARN_64_TO_32_BIT_CONVERSION = YES;
				GCC_WARN_ABOUT_RETURN_TYPE = YES_ERROR;
				GCC_WARN_UNDECLARED_SELECTOR = YES;
				GCC_WARN_UNINITIALIZED_AUTOS = YES_AGGRESSIVE;
				GCC_WARN_UNUSED_FUNCTION = YES;
				GCC_WARN_UNUSED_VARIABLE = YES;
				IPHONEOS_DEPLOYMENT_TARGET = 14.3;
				MTL_ENABLE_DEBUG_INFO = INCLUDE_SOURCE;
				MTL_FAST_MATH = YES;
				ONLY_ACTIVE_ARCH = YES;
				SDKROOT = iphoneos;
				SWIFT_ACTIVE_COMPILATION_CONDITIONS = DEBUG;
				SWIFT_OPTIMIZATION_LEVEL = "-Onone";
			};
			name = Debug;
		};
		5BE64DAE25976B3C002B1D70 /* Release */ = {
			isa = XCBuildConfiguration;
			buildSettings = {
				ALWAYS_SEARCH_USER_PATHS = NO;
				CLANG_ANALYZER_NONNULL = YES;
				CLANG_ANALYZER_NUMBER_OBJECT_CONVERSION = YES_AGGRESSIVE;
				CLANG_CXX_LANGUAGE_STANDARD = "gnu++14";
				CLANG_CXX_LIBRARY = "libc++";
				CLANG_ENABLE_MODULES = YES;
				CLANG_ENABLE_OBJC_ARC = YES;
				CLANG_ENABLE_OBJC_WEAK = YES;
				CLANG_WARN_BLOCK_CAPTURE_AUTORELEASING = YES;
				CLANG_WARN_BOOL_CONVERSION = YES;
				CLANG_WARN_COMMA = YES;
				CLANG_WARN_CONSTANT_CONVERSION = YES;
				CLANG_WARN_DEPRECATED_OBJC_IMPLEMENTATIONS = YES;
				CLANG_WARN_DIRECT_OBJC_ISA_USAGE = YES_ERROR;
				CLANG_WARN_DOCUMENTATION_COMMENTS = YES;
				CLANG_WARN_EMPTY_BODY = YES;
				CLANG_WARN_ENUM_CONVERSION = YES;
				CLANG_WARN_INFINITE_RECURSION = YES;
				CLANG_WARN_INT_CONVERSION = YES;
				CLANG_WARN_NON_LITERAL_NULL_CONVERSION = YES;
				CLANG_WARN_OBJC_IMPLICIT_RETAIN_SELF = YES;
				CLANG_WARN_OBJC_LITERAL_CONVERSION = YES;
				CLANG_WARN_OBJC_ROOT_CLASS = YES_ERROR;
				CLANG_WARN_QUOTED_INCLUDE_IN_FRAMEWORK_HEADER = YES;
				CLANG_WARN_RANGE_LOOP_ANALYSIS = YES;
				CLANG_WARN_STRICT_PROTOTYPES = YES;
				CLANG_WARN_SUSPICIOUS_MOVE = YES;
				CLANG_WARN_UNGUARDED_AVAILABILITY = YES_AGGRESSIVE;
				CLANG_WARN_UNREACHABLE_CODE = YES;
				CLANG_WARN__DUPLICATE_METHOD_MATCH = YES;
				COPY_PHASE_STRIP = NO;
				DEBUG_INFORMATION_FORMAT = "dwarf-with-dsym";
				ENABLE_NS_ASSERTIONS = NO;
				ENABLE_STRICT_OBJC_MSGSEND = YES;
				GCC_C_LANGUAGE_STANDARD = gnu11;
				GCC_NO_COMMON_BLOCKS = YES;
				GCC_WARN_64_TO_32_BIT_CONVERSION = YES;
				GCC_WARN_ABOUT_RETURN_TYPE = YES_ERROR;
				GCC_WARN_UNDECLARED_SELECTOR = YES;
				GCC_WARN_UNINITIALIZED_AUTOS = YES_AGGRESSIVE;
				GCC_WARN_UNUSED_FUNCTION = YES;
				GCC_WARN_UNUSED_VARIABLE = YES;
				IPHONEOS_DEPLOYMENT_TARGET = 14.3;
				MTL_ENABLE_DEBUG_INFO = NO;
				MTL_FAST_MATH = YES;
				SDKROOT = iphoneos;
				SWIFT_COMPILATION_MODE = wholemodule;
				SWIFT_OPTIMIZATION_LEVEL = "-O";
				VALIDATE_PRODUCT = YES;
			};
			name = Release;
		};
		5BE64DB025976B3C002B1D70 /* Debug */ = {
			isa = XCBuildConfiguration;
			buildSettings = {
				ASSETCATALOG_COMPILER_APPICON_NAME = AppIcon;
				ASSETCATALOG_COMPILER_GLOBAL_ACCENT_COLOR_NAME = AccentColor;
				CODE_SIGN_STYLE = Automatic;
				DEVELOPMENT_ASSET_PATHS = "\"Memorize/Preview Content\"";
				DEVELOPMENT_TEAM = RXYNBT8EMX;
				ENABLE_PREVIEWS = YES;
				INFOPLIST_FILE = Memorize/Info.plist;
				IPHONEOS_DEPLOYMENT_TARGET = 14.0;
				LD_RUNPATH_SEARCH_PATHS = (
					"$(inherited)",
					"@executable_path/Frameworks",
				);
				PRODUCT_BUNDLE_IDENTIFIER = com.hettiger.cs193p.Memorize;
				PRODUCT_NAME = "$(TARGET_NAME)";
				SWIFT_VERSION = 5.0;
				TARGETED_DEVICE_FAMILY = "1,2";
			};
			name = Debug;
		};
		5BE64DB125976B3C002B1D70 /* Release */ = {
			isa = XCBuildConfiguration;
			buildSettings = {
				ASSETCATALOG_COMPILER_APPICON_NAME = AppIcon;
				ASSETCATALOG_COMPILER_GLOBAL_ACCENT_COLOR_NAME = AccentColor;
				CODE_SIGN_STYLE = Automatic;
				DEVELOPMENT_ASSET_PATHS = "\"Memorize/Preview Content\"";
				DEVELOPMENT_TEAM = RXYNBT8EMX;
				ENABLE_PREVIEWS = YES;
				INFOPLIST_FILE = Memorize/Info.plist;
				IPHONEOS_DEPLOYMENT_TARGET = 14.0;
				LD_RUNPATH_SEARCH_PATHS = (
					"$(inherited)",
					"@executable_path/Frameworks",
				);
				PRODUCT_BUNDLE_IDENTIFIER = com.hettiger.cs193p.Memorize;
				PRODUCT_NAME = "$(TARGET_NAME)";
				SWIFT_VERSION = 5.0;
				TARGETED_DEVICE_FAMILY = "1,2";
			};
			name = Release;
		};
		5BE64DB325976B3C002B1D70 /* Debug */ = {
			isa = XCBuildConfiguration;
			buildSettings = {
				ALWAYS_EMBED_SWIFT_STANDARD_LIBRARIES = YES;
				BUNDLE_LOADER = "$(TEST_HOST)";
				CODE_SIGN_STYLE = Automatic;
				DEVELOPMENT_TEAM = RXYNBT8EMX;
				INFOPLIST_FILE = MemorizeTests/Info.plist;
				IPHONEOS_DEPLOYMENT_TARGET = 14.0;
				LD_RUNPATH_SEARCH_PATHS = (
					"$(inherited)",
					"@executable_path/Frameworks",
					"@loader_path/Frameworks",
				);
				PRODUCT_BUNDLE_IDENTIFIER = com.hettiger.cs193p.MemorizeTests;
				PRODUCT_NAME = "$(TARGET_NAME)";
				SWIFT_VERSION = 5.0;
				TARGETED_DEVICE_FAMILY = "1,2";
				TEST_HOST = "$(BUILT_PRODUCTS_DIR)/Memorize.app/Memorize";
			};
			name = Debug;
		};
		5BE64DB425976B3C002B1D70 /* Release */ = {
			isa = XCBuildConfiguration;
			buildSettings = {
				ALWAYS_EMBED_SWIFT_STANDARD_LIBRARIES = YES;
				BUNDLE_LOADER = "$(TEST_HOST)";
				CODE_SIGN_STYLE = Automatic;
				DEVELOPMENT_TEAM = RXYNBT8EMX;
				INFOPLIST_FILE = MemorizeTests/Info.plist;
				IPHONEOS_DEPLOYMENT_TARGET = 14.0;
				LD_RUNPATH_SEARCH_PATHS = (
					"$(inherited)",
					"@executable_path/Frameworks",
					"@loader_path/Frameworks",
				);
				PRODUCT_BUNDLE_IDENTIFIER = com.hettiger.cs193p.MemorizeTests;
				PRODUCT_NAME = "$(TARGET_NAME)";
				SWIFT_VERSION = 5.0;
				TARGETED_DEVICE_FAMILY = "1,2";
				TEST_HOST = "$(BUILT_PRODUCTS_DIR)/Memorize.app/Memorize";
			};
			name = Release;
		};
		5BE64DB625976B3C002B1D70 /* Debug */ = {
			isa = XCBuildConfiguration;
			buildSettings = {
				ALWAYS_EMBED_SWIFT_STANDARD_LIBRARIES = YES;
				CODE_SIGN_STYLE = Automatic;
				DEVELOPMENT_TEAM = RXYNBT8EMX;
				INFOPLIST_FILE = MemorizeUITests/Info.plist;
				LD_RUNPATH_SEARCH_PATHS = (
					"$(inherited)",
					"@executable_path/Frameworks",
					"@loader_path/Frameworks",
				);
				PRODUCT_BUNDLE_IDENTIFIER = com.hettiger.cs193p.MemorizeUITests;
				PRODUCT_NAME = "$(TARGET_NAME)";
				SWIFT_VERSION = 5.0;
				TARGETED_DEVICE_FAMILY = "1,2";
				TEST_TARGET_NAME = Memorize;
			};
			name = Debug;
		};
		5BE64DB725976B3C002B1D70 /* Release */ = {
			isa = XCBuildConfiguration;
			buildSettings = {
				ALWAYS_EMBED_SWIFT_STANDARD_LIBRARIES = YES;
				CODE_SIGN_STYLE = Automatic;
				DEVELOPMENT_TEAM = RXYNBT8EMX;
				INFOPLIST_FILE = MemorizeUITests/Info.plist;
				LD_RUNPATH_SEARCH_PATHS = (
					"$(inherited)",
					"@executable_path/Frameworks",
					"@loader_path/Frameworks",
				);
				PRODUCT_BUNDLE_IDENTIFIER = com.hettiger.cs193p.MemorizeUITests;
				PRODUCT_NAME = "$(TARGET_NAME)";
				SWIFT_VERSION = 5.0;
				TARGETED_DEVICE_FAMILY = "1,2";
				TEST_TARGET_NAME = Memorize;
			};
			name = Release;
		};
/* End XCBuildConfiguration section */

/* Begin XCConfigurationList section */
		5BE64D8525976B3B002B1D70 /* Build configuration list for PBXProject "Memorize" */ = {
			isa = XCConfigurationList;
			buildConfigurations = (
				5BE64DAD25976B3C002B1D70 /* Debug */,
				5BE64DAE25976B3C002B1D70 /* Release */,
			);
			defaultConfigurationIsVisible = 0;
			defaultConfigurationName = Release;
		};
		5BE64DAF25976B3C002B1D70 /* Build configuration list for PBXNativeTarget "Memorize" */ = {
			isa = XCConfigurationList;
			buildConfigurations = (
				5BE64DB025976B3C002B1D70 /* Debug */,
				5BE64DB125976B3C002B1D70 /* Release */,
			);
			defaultConfigurationIsVisible = 0;
			defaultConfigurationName = Release;
		};
		5BE64DB225976B3C002B1D70 /* Build configuration list for PBXNativeTarget "MemorizeTests" */ = {
			isa = XCConfigurationList;
			buildConfigurations = (
				5BE64DB325976B3C002B1D70 /* Debug */,
				5BE64DB425976B3C002B1D70 /* Release */,
			);
			defaultConfigurationIsVisible = 0;
			defaultConfigurationName = Release;
		};
		5BE64DB525976B3C002B1D70 /* Build configuration list for PBXNativeTarget "MemorizeUITests" */ = {
			isa = XCConfigurationList;
			buildConfigurations = (
				5BE64DB625976B3C002B1D70 /* Debug */,
				5BE64DB725976B3C002B1D70 /* Release */,
			);
			defaultConfigurationIsVisible = 0;
			defaultConfigurationName = Release;
		};
/* End XCConfigurationList section */

/* Begin XCRemoteSwiftPackageReference section */
		5B49AE1F2597D3320043E301 /* XCRemoteSwiftPackageReference "ViewInspector" */ = {
			isa = XCRemoteSwiftPackageReference;
			repositoryURL = "https://github.com/nalexn/ViewInspector";
			requirement = {
				kind = upToNextMajorVersion;
				minimumVersion = 0.5.5;
			};
		};
/* End XCRemoteSwiftPackageReference section */

/* Begin XCSwiftPackageProductDependency section */
		5B49AE202597D3320043E301 /* ViewInspector */ = {
			isa = XCSwiftPackageProductDependency;
			package = 5B49AE1F2597D3320043E301 /* XCRemoteSwiftPackageReference "ViewInspector" */;
			productName = ViewInspector;
		};
/* End XCSwiftPackageProductDependency section */
	};
	rootObject = 5BE64D8225976B3B002B1D70 /* Project object */;
}
