{
  "object": {
    "pins": [
      {
        "package": "ViewInspector",
        "repositoryURL": "https://github.com/nalexn/ViewInspector",
        "state": {
          "branch": null,
          "revision": "ef7874a423f3610a4ce4e396d9a61494f5e96b56",
          "version": "0.6.0"
        }
      }
    ]
  },
  "version": 1
}
